// !$*UTF8*$!
{
	archiveVersion = 1;
	classes = {
	};
	objectVersion = 50;
	objects = {

/* Begin PBXBuildFile section */
		B6067A0225A5EEA700A2FFB7 /* MarketHours.swift in Sources */ = {isa = PBXBuildFile; fileRef = B6C2109C25A543EC009CCEEA /* MarketHours.swift */; };
		B6067A1025A5EFB200A2FFB7 /* MarketHoursTypeIcon.swift in Sources */ = {isa = PBXBuildFile; fileRef = B6067A0F25A5EFB200A2FFB7 /* MarketHoursTypeIcon.swift */; };
		B6067A1525AF1E6200A2FFB7 /* Colors.swift in Sources */ = {isa = PBXBuildFile; fileRef = B6067A1425AF1E6200A2FFB7 /* Colors.swift */; };
		B6067A1A25AF231B00A2FFB7 /* MarketSessionType.swift in Sources */ = {isa = PBXBuildFile; fileRef = B6067A1925AF231B00A2FFB7 /* MarketSessionType.swift */; };
		B67A035225923AAB002F6A19 /* AccountDataModel.swift in Sources */ = {isa = PBXBuildFile; fileRef = B67A035125923AAB002F6A19 /* AccountDataModel.swift */; };
		B67A035625925736002F6A19 /* Repository.swift in Sources */ = {isa = PBXBuildFile; fileRef = B67A035525925736002F6A19 /* Repository.swift */; };
		B67A035C25928163002F6A19 /* AccountHeaderView.swift in Sources */ = {isa = PBXBuildFile; fileRef = B67A035B25928163002F6A19 /* AccountHeaderView.swift */; };
		B67A03602592860E002F6A19 /* SimpleStockRow.swift in Sources */ = {isa = PBXBuildFile; fileRef = B67A035F2592860E002F6A19 /* SimpleStockRow.swift */; };
		B67A036625928BAF002F6A19 /* AccountView.swift in Sources */ = {isa = PBXBuildFile; fileRef = B67A036525928BAF002F6A19 /* AccountView.swift */; };
		B68364CC25D2BE7E00AF3E6B /* MarketSessionType.swift in Sources */ = {isa = PBXBuildFile; fileRef = B6067A1925AF231B00A2FFB7 /* MarketSessionType.swift */; };
		B68364D025D4104B00AF3E6B /* Colors.swift in Sources */ = {isa = PBXBuildFile; fileRef = B6067A1425AF1E6200A2FFB7 /* Colors.swift */; };
		B68364E625D9905600AF3E6B /* Date+Extension.swift in Sources */ = {isa = PBXBuildFile; fileRef = B68364E525D9905600AF3E6B /* Date+Extension.swift */; };
		B68364EA25D9909800AF3E6B /* Date+Extension.swift in Sources */ = {isa = PBXBuildFile; fileRef = B68364E525D9905600AF3E6B /* Date+Extension.swift */; };
		B68364F925D9A10000AF3E6B /* AccountWidgetView.swift in Sources */ = {isa = PBXBuildFile; fileRef = B68364F125D9A04E00AF3E6B /* AccountWidgetView.swift */; };
		B694C7A72554C6A000A61D65 /* AppDelegate.swift in Sources */ = {isa = PBXBuildFile; fileRef = B694C7A62554C6A000A61D65 /* AppDelegate.swift */; };
		B694C7A92554C6A000A61D65 /* SceneDelegate.swift in Sources */ = {isa = PBXBuildFile; fileRef = B694C7A82554C6A000A61D65 /* SceneDelegate.swift */; };
		B694C7AB2554C6A000A61D65 /* ContentView.swift in Sources */ = {isa = PBXBuildFile; fileRef = B694C7AA2554C6A000A61D65 /* ContentView.swift */; };
		B694C7AD2554C6A100A61D65 /* Assets.xcassets in Resources */ = {isa = PBXBuildFile; fileRef = B694C7AC2554C6A100A61D65 /* Assets.xcassets */; };
		B694C7B02554C6A100A61D65 /* Preview Assets.xcassets in Resources */ = {isa = PBXBuildFile; fileRef = B694C7AF2554C6A100A61D65 /* Preview Assets.xcassets */; };
		B694C7B32554C6A100A61D65 /* LaunchScreen.storyboard in Resources */ = {isa = PBXBuildFile; fileRef = B694C7B12554C6A100A61D65 /* LaunchScreen.storyboard */; };
		B694C7BD2554C89D00A61D65 /* OAuthViewController.swift in Sources */ = {isa = PBXBuildFile; fileRef = B694C7BC2554C89D00A61D65 /* OAuthViewController.swift */; };
		B694C7C02554C93700A61D65 /* OAuthViewModel.swift in Sources */ = {isa = PBXBuildFile; fileRef = B694C7BF2554C93700A61D65 /* OAuthViewModel.swift */; };
		B694C7C32554CD9D00A61D65 /* OAuthManager.swift in Sources */ = {isa = PBXBuildFile; fileRef = B694C7C22554CD9D00A61D65 /* OAuthManager.swift */; };
		B6C20F30259A3041009CCEEA /* Formatters.swift in Sources */ = {isa = PBXBuildFile; fileRef = B6C20F2F259A3041009CCEEA /* Formatters.swift */; };
		B6C20F38259A45DB009CCEEA /* TokenDataModel.swift in Sources */ = {isa = PBXBuildFile; fileRef = B6C20F37259A45DB009CCEEA /* TokenDataModel.swift */; };
		B6C20F8A259B8830009CCEEA /* AppSecrets.swift in Sources */ = {isa = PBXBuildFile; fileRef = B6C20F89259B8830009CCEEA /* AppSecrets.swift */; };
		B6C21005259B89F2009CCEEA /* WidgetKit.framework in Frameworks */ = {isa = PBXBuildFile; fileRef = B6C21004259B89F2009CCEEA /* WidgetKit.framework */; };
		B6C21007259B89F2009CCEEA /* SwiftUI.framework in Frameworks */ = {isa = PBXBuildFile; fileRef = B6C21006259B89F2009CCEEA /* SwiftUI.framework */; };
		B6C2100A259B89F2009CCEEA /* MyWidget.swift in Sources */ = {isa = PBXBuildFile; fileRef = B6C21009259B89F2009CCEEA /* MyWidget.swift */; };
		B6C2100C259B89F3009CCEEA /* Assets.xcassets in Resources */ = {isa = PBXBuildFile; fileRef = B6C2100B259B89F3009CCEEA /* Assets.xcassets */; };
		B6C21010259B89F3009CCEEA /* MyWidgetExtension.appex in Embed App Extensions */ = {isa = PBXBuildFile; fileRef = B6C21002259B89F2009CCEEA /* MyWidgetExtension.appex */; settings = {ATTRIBUTES = (RemoveHeadersOnCopy, ); }; };
		B6C2101A259B8A1D009CCEEA /* AccountWidgetEntryView.swift in Sources */ = {isa = PBXBuildFile; fileRef = B6C21019259B8A1D009CCEEA /* AccountWidgetEntryView.swift */; };
		B6C2102F259B9099009CCEEA /* AccountEntry.swift in Sources */ = {isa = PBXBuildFile; fileRef = B6C2102E259B9099009CCEEA /* AccountEntry.swift */; };
		B6C21037259B90EE009CCEEA /* AccountWidgetEntryFactory.swift in Sources */ = {isa = PBXBuildFile; fileRef = B6C21036259B90EE009CCEEA /* AccountWidgetEntryFactory.swift */; };
		B6C2103E259B9168009CCEEA /* Repository.swift in Sources */ = {isa = PBXBuildFile; fileRef = B67A035525925736002F6A19 /* Repository.swift */; };
		B6C21042259B92D0009CCEEA /* Authenticator.swift in Sources */ = {isa = PBXBuildFile; fileRef = B6C9EA452561F76D00F9DDBF /* Authenticator.swift */; };
		B6C21046259B92D4009CCEEA /* URLSession.swift in Sources */ = {isa = PBXBuildFile; fileRef = B6C9EA482561F7F600F9DDBF /* URLSession.swift */; };
		B6C2104A259B92E0009CCEEA /* TokenDataModel.swift in Sources */ = {isa = PBXBuildFile; fileRef = B6C20F37259A45DB009CCEEA /* TokenDataModel.swift */; };
		B6C2104E259B92E4009CCEEA /* Token.swift in Sources */ = {isa = PBXBuildFile; fileRef = B6C9EA402561F71500F9DDBF /* Token.swift */; };
		B6C21052259B92E7009CCEEA /* AccountDataModel.swift in Sources */ = {isa = PBXBuildFile; fileRef = B67A035125923AAB002F6A19 /* AccountDataModel.swift */; };
		B6C21056259B930B009CCEEA /* AppSecrets.swift in Sources */ = {isa = PBXBuildFile; fileRef = B6C20F89259B8830009CCEEA /* AppSecrets.swift */; };
		B6C2105E259BC909009CCEEA /* GridStockView.swift in Sources */ = {isa = PBXBuildFile; fileRef = B6C2105D259BC909009CCEEA /* GridStockView.swift */; };
		B6C21062259D5A25009CCEEA /* Account.swift in Sources */ = {isa = PBXBuildFile; fileRef = B6EEE3EE259298DC00F5FB5C /* Account.swift */; };
		B6C21067259D5A54009CCEEA /* DataStore.swift in Sources */ = {isa = PBXBuildFile; fileRef = B6C21066259D5A53009CCEEA /* DataStore.swift */; };
		B6C21077259E2E9C009CCEEA /* Formatters.swift in Sources */ = {isa = PBXBuildFile; fileRef = B6C20F2F259A3041009CCEEA /* Formatters.swift */; };
		B6C2107C259E316B009CCEEA /* Position.swift in Sources */ = {isa = PBXBuildFile; fileRef = B6C2107B259E316B009CCEEA /* Position.swift */; };
		B6C21080259E38E9009CCEEA /* Position.swift in Sources */ = {isa = PBXBuildFile; fileRef = B6C2107B259E316B009CCEEA /* Position.swift */; };
		B6C2109025A49623009CCEEA /* MarketDataModel.swift in Sources */ = {isa = PBXBuildFile; fileRef = B6C2108F25A49623009CCEEA /* MarketDataModel.swift */; };
		B6C2109425A54024009CCEEA /* DataStore.swift in Sources */ = {isa = PBXBuildFile; fileRef = B6C21066259D5A53009CCEEA /* DataStore.swift */; };
		B6C2109825A54039009CCEEA /* MarketDataModel.swift in Sources */ = {isa = PBXBuildFile; fileRef = B6C2108F25A49623009CCEEA /* MarketDataModel.swift */; };
		B6C2109D25A543EC009CCEEA /* MarketHours.swift in Sources */ = {isa = PBXBuildFile; fileRef = B6C2109C25A543EC009CCEEA /* MarketHours.swift */; };
		B6C5D0EE25D2BAD4004F5BE3 /* MarketHourIconViewModel.swift in Sources */ = {isa = PBXBuildFile; fileRef = B6C5D0ED25D2BAD4004F5BE3 /* MarketHourIconViewModel.swift */; };
		B6C9EA412561F71500F9DDBF /* Token.swift in Sources */ = {isa = PBXBuildFile; fileRef = B6C9EA402561F71500F9DDBF /* Token.swift */; };
		B6C9EA462561F76D00F9DDBF /* Authenticator.swift in Sources */ = {isa = PBXBuildFile; fileRef = B6C9EA452561F76D00F9DDBF /* Authenticator.swift */; };
		B6C9EA492561F7F600F9DDBF /* URLSession.swift in Sources */ = {isa = PBXBuildFile; fileRef = B6C9EA482561F7F600F9DDBF /* URLSession.swift */; };
		B6C9EA5E25633FA300F9DDBF /* TokenTest.swift in Sources */ = {isa = PBXBuildFile; fileRef = B6C9EA5D25633FA300F9DDBF /* TokenTest.swift */; };
		B6EEE3E72592917500F5FB5C /* AccountViewModel.swift in Sources */ = {isa = PBXBuildFile; fileRef = B6EEE3E62592917500F5FB5C /* AccountViewModel.swift */; };
		B6EEE3EB2592924500F5FB5C /* Mockrepository.swift in Sources */ = {isa = PBXBuildFile; fileRef = B6EEE3EA2592924500F5FB5C /* Mockrepository.swift */; };
		B6EEE3EF259298DC00F5FB5C /* Account.swift in Sources */ = {isa = PBXBuildFile; fileRef = B6EEE3EE259298DC00F5FB5C /* Account.swift */; };
		B6EEE3F9259A26C800F5FB5C /* SimpleStockRowViewModel.swift in Sources */ = {isa = PBXBuildFile; fileRef = B6EEE3F8259A26C800F5FB5C /* SimpleStockRowViewModel.swift */; };
/* End PBXBuildFile section */

/* Begin PBXContainerItemProxy section */
		B6C2100E259B89F3009CCEEA /* PBXContainerItemProxy */ = {
			isa = PBXContainerItemProxy;
			containerPortal = B694C79B2554C6A000A61D65 /* Project object */;
			proxyType = 1;
			remoteGlobalIDString = B6C21001259B89F2009CCEEA;
			remoteInfo = MyWidgetExtension;
		};
		B6C9EA5425633F7800F9DDBF /* PBXContainerItemProxy */ = {
			isa = PBXContainerItemProxy;
			containerPortal = B694C79B2554C6A000A61D65 /* Project object */;
			proxyType = 1;
			remoteGlobalIDString = B694C7A22554C6A000A61D65;
			remoteInfo = TDWidgets;
		};
/* End PBXContainerItemProxy section */

/* Begin PBXCopyFilesBuildPhase section */
		B6C21011259B89F3009CCEEA /* Embed App Extensions */ = {
			isa = PBXCopyFilesBuildPhase;
			buildActionMask = 2147483647;
			dstPath = "";
			dstSubfolderSpec = 13;
			files = (
				B6C21010259B89F3009CCEEA /* MyWidgetExtension.appex in Embed App Extensions */,
			);
			name = "Embed App Extensions";
			runOnlyForDeploymentPostprocessing = 0;
		};
/* End PBXCopyFilesBuildPhase section */

/* Begin PBXFileReference section */
		B6067A0F25A5EFB200A2FFB7 /* MarketHoursTypeIcon.swift */ = {isa = PBXFileReference; lastKnownFileType = sourcecode.swift; path = MarketHoursTypeIcon.swift; sourceTree = "<group>"; };
		B6067A1425AF1E6200A2FFB7 /* Colors.swift */ = {isa = PBXFileReference; lastKnownFileType = sourcecode.swift; path = Colors.swift; sourceTree = "<group>"; };
		B6067A1925AF231B00A2FFB7 /* MarketSessionType.swift */ = {isa = PBXFileReference; lastKnownFileType = sourcecode.swift; path = MarketSessionType.swift; sourceTree = "<group>"; };
		B67A035125923AAB002F6A19 /* AccountDataModel.swift */ = {isa = PBXFileReference; lastKnownFileType = sourcecode.swift; path = AccountDataModel.swift; sourceTree = "<group>"; };
		B67A035525925736002F6A19 /* Repository.swift */ = {isa = PBXFileReference; lastKnownFileType = sourcecode.swift; path = Repository.swift; sourceTree = "<group>"; };
		B67A035B25928163002F6A19 /* AccountHeaderView.swift */ = {isa = PBXFileReference; lastKnownFileType = sourcecode.swift; path = AccountHeaderView.swift; sourceTree = "<group>"; };
		B67A035F2592860E002F6A19 /* SimpleStockRow.swift */ = {isa = PBXFileReference; lastKnownFileType = sourcecode.swift; path = SimpleStockRow.swift; sourceTree = "<group>"; };
		B67A036525928BAF002F6A19 /* AccountView.swift */ = {isa = PBXFileReference; lastKnownFileType = sourcecode.swift; path = AccountView.swift; sourceTree = "<group>"; };
		B68364E525D9905600AF3E6B /* Date+Extension.swift */ = {isa = PBXFileReference; lastKnownFileType = sourcecode.swift; path = "Date+Extension.swift"; sourceTree = "<group>"; };
		B68364F125D9A04E00AF3E6B /* AccountWidgetView.swift */ = {isa = PBXFileReference; lastKnownFileType = sourcecode.swift; path = AccountWidgetView.swift; sourceTree = "<group>"; };
		B694C7A32554C6A000A61D65 /* TDWidgets.app */ = {isa = PBXFileReference; explicitFileType = wrapper.application; includeInIndex = 0; path = TDWidgets.app; sourceTree = BUILT_PRODUCTS_DIR; };
		B694C7A62554C6A000A61D65 /* AppDelegate.swift */ = {isa = PBXFileReference; lastKnownFileType = sourcecode.swift; path = AppDelegate.swift; sourceTree = "<group>"; };
		B694C7A82554C6A000A61D65 /* SceneDelegate.swift */ = {isa = PBXFileReference; lastKnownFileType = sourcecode.swift; path = SceneDelegate.swift; sourceTree = "<group>"; };
		B694C7AA2554C6A000A61D65 /* ContentView.swift */ = {isa = PBXFileReference; lastKnownFileType = sourcecode.swift; path = ContentView.swift; sourceTree = "<group>"; };
		B694C7AC2554C6A100A61D65 /* Assets.xcassets */ = {isa = PBXFileReference; lastKnownFileType = folder.assetcatalog; path = Assets.xcassets; sourceTree = "<group>"; };
		B694C7AF2554C6A100A61D65 /* Preview Assets.xcassets */ = {isa = PBXFileReference; lastKnownFileType = folder.assetcatalog; path = "Preview Assets.xcassets"; sourceTree = "<group>"; };
		B694C7B22554C6A100A61D65 /* Base */ = {isa = PBXFileReference; lastKnownFileType = file.storyboard; name = Base; path = Base.lproj/LaunchScreen.storyboard; sourceTree = "<group>"; };
		B694C7B42554C6A100A61D65 /* Info.plist */ = {isa = PBXFileReference; lastKnownFileType = text.plist.xml; path = Info.plist; sourceTree = "<group>"; };
		B694C7BC2554C89D00A61D65 /* OAuthViewController.swift */ = {isa = PBXFileReference; lastKnownFileType = sourcecode.swift; path = OAuthViewController.swift; sourceTree = "<group>"; };
		B694C7BF2554C93700A61D65 /* OAuthViewModel.swift */ = {isa = PBXFileReference; lastKnownFileType = sourcecode.swift; path = OAuthViewModel.swift; sourceTree = "<group>"; };
		B694C7C22554CD9D00A61D65 /* OAuthManager.swift */ = {isa = PBXFileReference; lastKnownFileType = sourcecode.swift; path = OAuthManager.swift; sourceTree = "<group>"; };
		B6C20F2F259A3041009CCEEA /* Formatters.swift */ = {isa = PBXFileReference; lastKnownFileType = sourcecode.swift; path = Formatters.swift; sourceTree = "<group>"; };
		B6C20F37259A45DB009CCEEA /* TokenDataModel.swift */ = {isa = PBXFileReference; lastKnownFileType = sourcecode.swift; path = TokenDataModel.swift; sourceTree = "<group>"; };
		B6C20F3F259B7C4B009CCEEA /* TDWidgets.entitlements */ = {isa = PBXFileReference; lastKnownFileType = text.plist.entitlements; path = TDWidgets.entitlements; sourceTree = "<group>"; };
		B6C20F89259B8830009CCEEA /* AppSecrets.swift */ = {isa = PBXFileReference; fileEncoding = 4; lastKnownFileType = sourcecode.swift; path = AppSecrets.swift; sourceTree = "<group>"; };
		B6C21002259B89F2009CCEEA /* MyWidgetExtension.appex */ = {isa = PBXFileReference; explicitFileType = "wrapper.app-extension"; includeInIndex = 0; path = MyWidgetExtension.appex; sourceTree = BUILT_PRODUCTS_DIR; };
		B6C21004259B89F2009CCEEA /* WidgetKit.framework */ = {isa = PBXFileReference; lastKnownFileType = wrapper.framework; name = WidgetKit.framework; path = System/Library/Frameworks/WidgetKit.framework; sourceTree = SDKROOT; };
		B6C21006259B89F2009CCEEA /* SwiftUI.framework */ = {isa = PBXFileReference; lastKnownFileType = wrapper.framework; name = SwiftUI.framework; path = System/Library/Frameworks/SwiftUI.framework; sourceTree = SDKROOT; };
		B6C21009259B89F2009CCEEA /* MyWidget.swift */ = {isa = PBXFileReference; lastKnownFileType = sourcecode.swift; path = MyWidget.swift; sourceTree = "<group>"; };
		B6C2100B259B89F3009CCEEA /* Assets.xcassets */ = {isa = PBXFileReference; lastKnownFileType = folder.assetcatalog; path = Assets.xcassets; sourceTree = "<group>"; };
		B6C2100D259B89F3009CCEEA /* Info.plist */ = {isa = PBXFileReference; lastKnownFileType = text.plist.xml; path = Info.plist; sourceTree = "<group>"; };
		B6C21019259B8A1D009CCEEA /* AccountWidgetEntryView.swift */ = {isa = PBXFileReference; lastKnownFileType = sourcecode.swift; path = AccountWidgetEntryView.swift; sourceTree = "<group>"; };
		B6C2102A259B8CF4009CCEEA /* MyWidgetExtension.entitlements */ = {isa = PBXFileReference; lastKnownFileType = text.plist.entitlements; path = MyWidgetExtension.entitlements; sourceTree = "<group>"; };
		B6C2102E259B9099009CCEEA /* AccountEntry.swift */ = {isa = PBXFileReference; lastKnownFileType = sourcecode.swift; path = AccountEntry.swift; sourceTree = "<group>"; };
		B6C21036259B90EE009CCEEA /* AccountWidgetEntryFactory.swift */ = {isa = PBXFileReference; lastKnownFileType = sourcecode.swift; path = AccountWidgetEntryFactory.swift; sourceTree = "<group>"; };
		B6C2105D259BC909009CCEEA /* GridStockView.swift */ = {isa = PBXFileReference; lastKnownFileType = sourcecode.swift; path = GridStockView.swift; sourceTree = "<group>"; };
		B6C21066259D5A53009CCEEA /* DataStore.swift */ = {isa = PBXFileReference; lastKnownFileType = sourcecode.swift; path = DataStore.swift; sourceTree = "<group>"; };
		B6C2107B259E316B009CCEEA /* Position.swift */ = {isa = PBXFileReference; lastKnownFileType = sourcecode.swift; path = Position.swift; sourceTree = "<group>"; };
		B6C2108F25A49623009CCEEA /* MarketDataModel.swift */ = {isa = PBXFileReference; lastKnownFileType = sourcecode.swift; path = MarketDataModel.swift; sourceTree = "<group>"; };
		B6C2109C25A543EC009CCEEA /* MarketHours.swift */ = {isa = PBXFileReference; lastKnownFileType = sourcecode.swift; path = MarketHours.swift; sourceTree = "<group>"; };
		B6C5D0ED25D2BAD4004F5BE3 /* MarketHourIconViewModel.swift */ = {isa = PBXFileReference; lastKnownFileType = sourcecode.swift; path = MarketHourIconViewModel.swift; sourceTree = "<group>"; };
		B6C9EA402561F71500F9DDBF /* Token.swift */ = {isa = PBXFileReference; lastKnownFileType = sourcecode.swift; path = Token.swift; sourceTree = "<group>"; };
		B6C9EA452561F76D00F9DDBF /* Authenticator.swift */ = {isa = PBXFileReference; lastKnownFileType = sourcecode.swift; path = Authenticator.swift; sourceTree = "<group>"; };
		B6C9EA482561F7F600F9DDBF /* URLSession.swift */ = {isa = PBXFileReference; lastKnownFileType = sourcecode.swift; path = URLSession.swift; sourceTree = "<group>"; };
		B6C9EA4F25633F7800F9DDBF /* TDWidgetsTests.xctest */ = {isa = PBXFileReference; explicitFileType = wrapper.cfbundle; includeInIndex = 0; path = TDWidgetsTests.xctest; sourceTree = BUILT_PRODUCTS_DIR; };
		B6C9EA5325633F7800F9DDBF /* Info.plist */ = {isa = PBXFileReference; lastKnownFileType = text.plist.xml; path = Info.plist; sourceTree = "<group>"; };
		B6C9EA5D25633FA300F9DDBF /* TokenTest.swift */ = {isa = PBXFileReference; lastKnownFileType = sourcecode.swift; path = TokenTest.swift; sourceTree = "<group>"; };
		B6EEE3E62592917500F5FB5C /* AccountViewModel.swift */ = {isa = PBXFileReference; lastKnownFileType = sourcecode.swift; path = AccountViewModel.swift; sourceTree = "<group>"; };
		B6EEE3EA2592924500F5FB5C /* Mockrepository.swift */ = {isa = PBXFileReference; lastKnownFileType = sourcecode.swift; path = Mockrepository.swift; sourceTree = "<group>"; };
		B6EEE3EE259298DC00F5FB5C /* Account.swift */ = {isa = PBXFileReference; lastKnownFileType = sourcecode.swift; path = Account.swift; sourceTree = "<group>"; };
		B6EEE3F8259A26C800F5FB5C /* SimpleStockRowViewModel.swift */ = {isa = PBXFileReference; lastKnownFileType = sourcecode.swift; path = SimpleStockRowViewModel.swift; sourceTree = "<group>"; };
/* End PBXFileReference section */

/* Begin PBXFrameworksBuildPhase section */
		B694C7A02554C6A000A61D65 /* Frameworks */ = {
			isa = PBXFrameworksBuildPhase;
			buildActionMask = 2147483647;
			files = (
			);
			runOnlyForDeploymentPostprocessing = 0;
		};
		B6C20FFF259B89F2009CCEEA /* Frameworks */ = {
			isa = PBXFrameworksBuildPhase;
			buildActionMask = 2147483647;
			files = (
				B6C21007259B89F2009CCEEA /* SwiftUI.framework in Frameworks */,
				B6C21005259B89F2009CCEEA /* WidgetKit.framework in Frameworks */,
			);
			runOnlyForDeploymentPostprocessing = 0;
		};
		B6C9EA4C25633F7800F9DDBF /* Frameworks */ = {
			isa = PBXFrameworksBuildPhase;
			buildActionMask = 2147483647;
			files = (
			);
			runOnlyForDeploymentPostprocessing = 0;
		};
/* End PBXFrameworksBuildPhase section */

/* Begin PBXGroup section */
		B6067A2125AF252A00A2FFB7 /* MarketHourIcon */ = {
			isa = PBXGroup;
			children = (
				B6067A0F25A5EFB200A2FFB7 /* MarketHoursTypeIcon.swift */,
				B6C5D0ED25D2BAD4004F5BE3 /* MarketHourIconViewModel.swift */,
			);
			path = MarketHourIcon;
			sourceTree = "<group>";
		};
		B67A036A25928D18002F6A19 /* AccountView */ = {
			isa = PBXGroup;
			children = (
				B67A035B25928163002F6A19 /* AccountHeaderView.swift */,
				B67A036525928BAF002F6A19 /* AccountView.swift */,
				B6EEE3E62592917500F5FB5C /* AccountViewModel.swift */,
				B6C21084259E3A9A009CCEEA /* SimpleStockRow */,
				B6067A2125AF252A00A2FFB7 /* MarketHourIcon */,
			);
			path = AccountView;
			sourceTree = "<group>";
		};
		B694C79A2554C6A000A61D65 = {
			isa = PBXGroup;
			children = (
				B6C2102A259B8CF4009CCEEA /* MyWidgetExtension.entitlements */,
				B694C7A52554C6A000A61D65 /* TDWidgets */,
				B6C9EA5025633F7800F9DDBF /* TDWidgetsTests */,
				B6C21008259B89F2009CCEEA /* MyWidget */,
				B6C21003259B89F2009CCEEA /* Frameworks */,
				B694C7A42554C6A000A61D65 /* Products */,
			);
			sourceTree = "<group>";
		};
		B694C7A42554C6A000A61D65 /* Products */ = {
			isa = PBXGroup;
			children = (
				B694C7A32554C6A000A61D65 /* TDWidgets.app */,
				B6C9EA4F25633F7800F9DDBF /* TDWidgetsTests.xctest */,
				B6C21002259B89F2009CCEEA /* MyWidgetExtension.appex */,
			);
			name = Products;
			sourceTree = "<group>";
		};
		B694C7A52554C6A000A61D65 /* TDWidgets */ = {
			isa = PBXGroup;
			children = (
				B6C210AD25A5E772009CCEEA /* Network */,
				B6C210A925A5E760009CCEEA /* Oauth */,
				B694C7AE2554C6A100A61D65 /* Preview Content */,
				B6C210B125A5E78F009CCEEA /* Resources */,
				B6C210A525A5E750009CCEEA /* Util */,
				B6C210A125A5E748009CCEEA /* Views */,
			);
			path = TDWidgets;
			sourceTree = "<group>";
		};
		B694C7AE2554C6A100A61D65 /* Preview Content */ = {
			isa = PBXGroup;
			children = (
				B694C7AF2554C6A100A61D65 /* Preview Assets.xcassets */,
				B6EEE3EA2592924500F5FB5C /* Mockrepository.swift */,
			);
			path = "Preview Content";
			sourceTree = "<group>";
		};
		B6C21003259B89F2009CCEEA /* Frameworks */ = {
			isa = PBXGroup;
			children = (
				B6C21004259B89F2009CCEEA /* WidgetKit.framework */,
				B6C21006259B89F2009CCEEA /* SwiftUI.framework */,
			);
			name = Frameworks;
			sourceTree = "<group>";
		};
		B6C21008259B89F2009CCEEA /* MyWidget */ = {
			isa = PBXGroup;
			children = (
				B6C21009259B89F2009CCEEA /* MyWidget.swift */,
				B6C21019259B8A1D009CCEEA /* AccountWidgetEntryView.swift */,
				B68364F125D9A04E00AF3E6B /* AccountWidgetView.swift */,
				B6C21036259B90EE009CCEEA /* AccountWidgetEntryFactory.swift */,
				B6C2102E259B9099009CCEEA /* AccountEntry.swift */,
				B6C2105D259BC909009CCEEA /* GridStockView.swift */,
				B6C21018259B89FE009CCEEA /* Resources */,
			);
			path = MyWidget;
			sourceTree = "<group>";
		};
		B6C21018259B89FE009CCEEA /* Resources */ = {
			isa = PBXGroup;
			children = (
				B6C2100B259B89F3009CCEEA /* Assets.xcassets */,
				B6C2100D259B89F3009CCEEA /* Info.plist */,
			);
			path = Resources;
			sourceTree = "<group>";
		};
		B6C21084259E3A9A009CCEEA /* SimpleStockRow */ = {
			isa = PBXGroup;
			children = (
				B67A035F2592860E002F6A19 /* SimpleStockRow.swift */,
				B6EEE3F8259A26C800F5FB5C /* SimpleStockRowViewModel.swift */,
			);
			path = SimpleStockRow;
			sourceTree = "<group>";
		};
		B6C2108B25A495D7009CCEEA /* DataModel */ = {
			isa = PBXGroup;
			children = (
				B67A035125923AAB002F6A19 /* AccountDataModel.swift */,
				B6C20F37259A45DB009CCEEA /* TokenDataModel.swift */,
				B6C2108F25A49623009CCEEA /* MarketDataModel.swift */,
			);
			path = DataModel;
			sourceTree = "<group>";
		};
		B6C210A125A5E748009CCEEA /* Views */ = {
			isa = PBXGroup;
			children = (
				B694C7AA2554C6A000A61D65 /* ContentView.swift */,
				B67A036A25928D18002F6A19 /* AccountView */,
				B6067A1425AF1E6200A2FFB7 /* Colors.swift */,
			);
			path = Views;
			sourceTree = "<group>";
		};
		B6C210A525A5E750009CCEEA /* Util */ = {
			isa = PBXGroup;
			children = (
				B6C20F2F259A3041009CCEEA /* Formatters.swift */,
				B68364E525D9905600AF3E6B /* Date+Extension.swift */,
			);
			path = Util;
			sourceTree = "<group>";
		};
		B6C210A925A5E760009CCEEA /* Oauth */ = {
			isa = PBXGroup;
			children = (
				B694C7BC2554C89D00A61D65 /* OAuthViewController.swift */,
				B694C7BF2554C93700A61D65 /* OAuthViewModel.swift */,
				B694C7C22554CD9D00A61D65 /* OAuthManager.swift */,
			);
			path = Oauth;
			sourceTree = "<group>";
		};
		B6C210AD25A5E772009CCEEA /* Network */ = {
			isa = PBXGroup;
			children = (
				B6C9EA432561F72100F9DDBF /* Model */,
				B6C9EA452561F76D00F9DDBF /* Authenticator.swift */,
				B6C20F89259B8830009CCEEA /* AppSecrets.swift */,
				B6C21066259D5A53009CCEEA /* DataStore.swift */,
				B6C9EA482561F7F600F9DDBF /* URLSession.swift */,
				B67A035525925736002F6A19 /* Repository.swift */,
			);
			path = Network;
			sourceTree = "<group>";
		};
		B6C210B125A5E78F009CCEEA /* Resources */ = {
			isa = PBXGroup;
			children = (
				B6C20F3F259B7C4B009CCEEA /* TDWidgets.entitlements */,
				B694C7A62554C6A000A61D65 /* AppDelegate.swift */,
				B694C7A82554C6A000A61D65 /* SceneDelegate.swift */,
				B694C7AC2554C6A100A61D65 /* Assets.xcassets */,
				B694C7B12554C6A100A61D65 /* LaunchScreen.storyboard */,
				B694C7B42554C6A100A61D65 /* Info.plist */,
			);
			path = Resources;
			sourceTree = "<group>";
		};
		B6C9EA432561F72100F9DDBF /* Model */ = {
			isa = PBXGroup;
			children = (
				B6C2108B25A495D7009CCEEA /* DataModel */,
				B6EEE3EE259298DC00F5FB5C /* Account.swift */,
				B6C2107B259E316B009CCEEA /* Position.swift */,
				B6C9EA402561F71500F9DDBF /* Token.swift */,
				B6C2109C25A543EC009CCEEA /* MarketHours.swift */,
				B6067A1925AF231B00A2FFB7 /* MarketSessionType.swift */,
			);
			path = Model;
			sourceTree = "<group>";
		};
		B6C9EA5025633F7800F9DDBF /* TDWidgetsTests */ = {
			isa = PBXGroup;
			children = (
				B6C9EA5325633F7800F9DDBF /* Info.plist */,
				B6C9EA5D25633FA300F9DDBF /* TokenTest.swift */,
			);
			path = TDWidgetsTests;
			sourceTree = "<group>";
		};
/* End PBXGroup section */

/* Begin PBXNativeTarget section */
		B694C7A22554C6A000A61D65 /* TDWidgets */ = {
			isa = PBXNativeTarget;
			buildConfigurationList = B694C7B72554C6A100A61D65 /* Build configuration list for PBXNativeTarget "TDWidgets" */;
			buildPhases = (
				B694C79F2554C6A000A61D65 /* Sources */,
				B694C7A02554C6A000A61D65 /* Frameworks */,
				B694C7A12554C6A000A61D65 /* Resources */,
				B6C21011259B89F3009CCEEA /* Embed App Extensions */,
			);
			buildRules = (
			);
			dependencies = (
				B6C2100F259B89F3009CCEEA /* PBXTargetDependency */,
			);
			name = TDWidgets;
			productName = TDWidgets;
			productReference = B694C7A32554C6A000A61D65 /* TDWidgets.app */;
			productType = "com.apple.product-type.application";
		};
		B6C21001259B89F2009CCEEA /* MyWidgetExtension */ = {
			isa = PBXNativeTarget;
			buildConfigurationList = B6C21014259B89F3009CCEEA /* Build configuration list for PBXNativeTarget "MyWidgetExtension" */;
			buildPhases = (
				B6C20FFE259B89F2009CCEEA /* Sources */,
				B6C20FFF259B89F2009CCEEA /* Frameworks */,
				B6C21000259B89F2009CCEEA /* Resources */,
			);
			buildRules = (
			);
			dependencies = (
			);
			name = MyWidgetExtension;
			productName = MyWidgetExtension;
			productReference = B6C21002259B89F2009CCEEA /* MyWidgetExtension.appex */;
			productType = "com.apple.product-type.app-extension";
		};
		B6C9EA4E25633F7800F9DDBF /* TDWidgetsTests */ = {
			isa = PBXNativeTarget;
			buildConfigurationList = B6C9EA5625633F7800F9DDBF /* Build configuration list for PBXNativeTarget "TDWidgetsTests" */;
			buildPhases = (
				B6C9EA4B25633F7800F9DDBF /* Sources */,
				B6C9EA4C25633F7800F9DDBF /* Frameworks */,
				B6C9EA4D25633F7800F9DDBF /* Resources */,
			);
			buildRules = (
			);
			dependencies = (
				B6C9EA5525633F7800F9DDBF /* PBXTargetDependency */,
			);
			name = TDWidgetsTests;
			productName = TDWidgetsTests;
			productReference = B6C9EA4F25633F7800F9DDBF /* TDWidgetsTests.xctest */;
			productType = "com.apple.product-type.bundle.unit-test";
		};
/* End PBXNativeTarget section */

/* Begin PBXProject section */
		B694C79B2554C6A000A61D65 /* Project object */ = {
			isa = PBXProject;
			attributes = {
				LastSwiftUpdateCheck = 1230;
				LastUpgradeCheck = 1210;
				TargetAttributes = {
					B694C7A22554C6A000A61D65 = {
						CreatedOnToolsVersion = 12.1;
					};
					B6C21001259B89F2009CCEEA = {
						CreatedOnToolsVersion = 12.3;
					};
					B6C9EA4E25633F7800F9DDBF = {
						CreatedOnToolsVersion = 12.2;
						LastSwiftMigration = 1220;
						TestTargetID = B694C7A22554C6A000A61D65;
					};
				};
			};
			buildConfigurationList = B694C79E2554C6A000A61D65 /* Build configuration list for PBXProject "TDWidgets" */;
			compatibilityVersion = "Xcode 9.3";
			developmentRegion = en;
			hasScannedForEncodings = 0;
			knownRegions = (
				en,
				Base,
			);
			mainGroup = B694C79A2554C6A000A61D65;
			productRefGroup = B694C7A42554C6A000A61D65 /* Products */;
			projectDirPath = "";
			projectRoot = "";
			targets = (
				B694C7A22554C6A000A61D65 /* TDWidgets */,
				B6C9EA4E25633F7800F9DDBF /* TDWidgetsTests */,
				B6C21001259B89F2009CCEEA /* MyWidgetExtension */,
			);
		};
/* End PBXProject section */

/* Begin PBXResourcesBuildPhase section */
		B694C7A12554C6A000A61D65 /* Resources */ = {
			isa = PBXResourcesBuildPhase;
			buildActionMask = 2147483647;
			files = (
				B694C7B32554C6A100A61D65 /* LaunchScreen.storyboard in Resources */,
				B694C7B02554C6A100A61D65 /* Preview Assets.xcassets in Resources */,
				B694C7AD2554C6A100A61D65 /* Assets.xcassets in Resources */,
			);
			runOnlyForDeploymentPostprocessing = 0;
		};
		B6C21000259B89F2009CCEEA /* Resources */ = {
			isa = PBXResourcesBuildPhase;
			buildActionMask = 2147483647;
			files = (
				B6C2100C259B89F3009CCEEA /* Assets.xcassets in Resources */,
			);
			runOnlyForDeploymentPostprocessing = 0;
		};
		B6C9EA4D25633F7800F9DDBF /* Resources */ = {
			isa = PBXResourcesBuildPhase;
			buildActionMask = 2147483647;
			files = (
			);
			runOnlyForDeploymentPostprocessing = 0;
		};
/* End PBXResourcesBuildPhase section */

/* Begin PBXSourcesBuildPhase section */
		B694C79F2554C6A000A61D65 /* Sources */ = {
			isa = PBXSourcesBuildPhase;
			buildActionMask = 2147483647;
			files = (
				B6067A1A25AF231B00A2FFB7 /* MarketSessionType.swift in Sources */,
				B6067A1025A5EFB200A2FFB7 /* MarketHoursTypeIcon.swift in Sources */,
				B694C7C02554C93700A61D65 /* OAuthViewModel.swift in Sources */,
				B6C9EA462561F76D00F9DDBF /* Authenticator.swift in Sources */,
				B6C9EA412561F71500F9DDBF /* Token.swift in Sources */,
				B68364E625D9905600AF3E6B /* Date+Extension.swift in Sources */,
				B67A035625925736002F6A19 /* Repository.swift in Sources */,
				B6C20F38259A45DB009CCEEA /* TokenDataModel.swift in Sources */,
				B6EEE3EF259298DC00F5FB5C /* Account.swift in Sources */,
				B67A035225923AAB002F6A19 /* AccountDataModel.swift in Sources */,
				B6C2109025A49623009CCEEA /* MarketDataModel.swift in Sources */,
				B6EEE3F9259A26C800F5FB5C /* SimpleStockRowViewModel.swift in Sources */,
				B6067A1525AF1E6200A2FFB7 /* Colors.swift in Sources */,
				B6C2107C259E316B009CCEEA /* Position.swift in Sources */,
				B694C7C32554CD9D00A61D65 /* OAuthManager.swift in Sources */,
				B694C7BD2554C89D00A61D65 /* OAuthViewController.swift in Sources */,
				B6C5D0EE25D2BAD4004F5BE3 /* MarketHourIconViewModel.swift in Sources */,
				B6EEE3EB2592924500F5FB5C /* Mockrepository.swift in Sources */,
				B6C20F8A259B8830009CCEEA /* AppSecrets.swift in Sources */,
				B6C9EA492561F7F600F9DDBF /* URLSession.swift in Sources */,
				B67A036625928BAF002F6A19 /* AccountView.swift in Sources */,
				B6EEE3E72592917500F5FB5C /* AccountViewModel.swift in Sources */,
				B6C21067259D5A54009CCEEA /* DataStore.swift in Sources */,
				B694C7A72554C6A000A61D65 /* AppDelegate.swift in Sources */,
				B694C7A92554C6A000A61D65 /* SceneDelegate.swift in Sources */,
				B67A035C25928163002F6A19 /* AccountHeaderView.swift in Sources */,
				B6C20F30259A3041009CCEEA /* Formatters.swift in Sources */,
				B694C7AB2554C6A000A61D65 /* ContentView.swift in Sources */,
				B6C2109D25A543EC009CCEEA /* MarketHours.swift in Sources */,
				B67A03602592860E002F6A19 /* SimpleStockRow.swift in Sources */,
			);
			runOnlyForDeploymentPostprocessing = 0;
		};
		B6C20FFE259B89F2009CCEEA /* Sources */ = {
			isa = PBXSourcesBuildPhase;
			buildActionMask = 2147483647;
			files = (
				B68364F925D9A10000AF3E6B /* AccountWidgetView.swift in Sources */,
				B68364CC25D2BE7E00AF3E6B /* MarketSessionType.swift in Sources */,
				B68364D025D4104B00AF3E6B /* Colors.swift in Sources */,
				B6C2104E259B92E4009CCEEA /* Token.swift in Sources */,
				B6067A0225A5EEA700A2FFB7 /* MarketHours.swift in Sources */,
				B6C2109425A54024009CCEEA /* DataStore.swift in Sources */,
				B6C21062259D5A25009CCEEA /* Account.swift in Sources */,
				B6C21052259B92E7009CCEEA /* AccountDataModel.swift in Sources */,
				B6C21037259B90EE009CCEEA /* AccountWidgetEntryFactory.swift in Sources */,
				B6C2109825A54039009CCEEA /* MarketDataModel.swift in Sources */,
				B6C21046259B92D4009CCEEA /* URLSession.swift in Sources */,
				B6C2101A259B8A1D009CCEEA /* AccountWidgetEntryView.swift in Sources */,
				B68364EA25D9909800AF3E6B /* Date+Extension.swift in Sources */,
				B6C21077259E2E9C009CCEEA /* Formatters.swift in Sources */,
				B6C21056259B930B009CCEEA /* AppSecrets.swift in Sources */,
				B6C21080259E38E9009CCEEA /* Position.swift in Sources */,
				B6C2104A259B92E0009CCEEA /* TokenDataModel.swift in Sources */,
				B6C2105E259BC909009CCEEA /* GridStockView.swift in Sources */,
				B6C2103E259B9168009CCEEA /* Repository.swift in Sources */,
				B6C2100A259B89F2009CCEEA /* MyWidget.swift in Sources */,
				B6C2102F259B9099009CCEEA /* AccountEntry.swift in Sources */,
				B6C21042259B92D0009CCEEA /* Authenticator.swift in Sources */,
			);
			runOnlyForDeploymentPostprocessing = 0;
		};
		B6C9EA4B25633F7800F9DDBF /* Sources */ = {
			isa = PBXSourcesBuildPhase;
			buildActionMask = 2147483647;
			files = (
				B6C9EA5E25633FA300F9DDBF /* TokenTest.swift in Sources */,
			);
			runOnlyForDeploymentPostprocessing = 0;
		};
/* End PBXSourcesBuildPhase section */

/* Begin PBXTargetDependency section */
		B6C2100F259B89F3009CCEEA /* PBXTargetDependency */ = {
			isa = PBXTargetDependency;
			target = B6C21001259B89F2009CCEEA /* MyWidgetExtension */;
			targetProxy = B6C2100E259B89F3009CCEEA /* PBXContainerItemProxy */;
		};
		B6C9EA5525633F7800F9DDBF /* PBXTargetDependency */ = {
			isa = PBXTargetDependency;
			target = B694C7A22554C6A000A61D65 /* TDWidgets */;
			targetProxy = B6C9EA5425633F7800F9DDBF /* PBXContainerItemProxy */;
		};
/* End PBXTargetDependency section */

/* Begin PBXVariantGroup section */
		B694C7B12554C6A100A61D65 /* LaunchScreen.storyboard */ = {
			isa = PBXVariantGroup;
			children = (
				B694C7B22554C6A100A61D65 /* Base */,
			);
			name = LaunchScreen.storyboard;
			sourceTree = "<group>";
		};
/* End PBXVariantGroup section */

/* Begin XCBuildConfiguration section */
		B694C7B52554C6A100A61D65 /* Debug */ = {
			isa = XCBuildConfiguration;
			buildSettings = {
				ALWAYS_SEARCH_USER_PATHS = NO;
				CLANG_ANALYZER_NONNULL = YES;
				CLANG_ANALYZER_NUMBER_OBJECT_CONVERSION = YES_AGGRESSIVE;
				CLANG_CXX_LANGUAGE_STANDARD = "gnu++14";
				CLANG_CXX_LIBRARY = "libc++";
				CLANG_ENABLE_MODULES = YES;
				CLANG_ENABLE_OBJC_ARC = YES;
				CLANG_ENABLE_OBJC_WEAK = YES;
				CLANG_WARN_BLOCK_CAPTURE_AUTORELEASING = YES;
				CLANG_WARN_BOOL_CONVERSION = YES;
				CLANG_WARN_COMMA = YES;
				CLANG_WARN_CONSTANT_CONVERSION = YES;
				CLANG_WARN_DEPRECATED_OBJC_IMPLEMENTATIONS = YES;
				CLANG_WARN_DIRECT_OBJC_ISA_USAGE = YES_ERROR;
				CLANG_WARN_DOCUMENTATION_COMMENTS = YES;
				CLANG_WARN_EMPTY_BODY = YES;
				CLANG_WARN_ENUM_CONVERSION = YES;
				CLANG_WARN_INFINITE_RECURSION = YES;
				CLANG_WARN_INT_CONVERSION = YES;
				CLANG_WARN_NON_LITERAL_NULL_CONVERSION = YES;
				CLANG_WARN_OBJC_IMPLICIT_RETAIN_SELF = YES;
				CLANG_WARN_OBJC_LITERAL_CONVERSION = YES;
				CLANG_WARN_OBJC_ROOT_CLASS = YES_ERROR;
				CLANG_WARN_QUOTED_INCLUDE_IN_FRAMEWORK_HEADER = YES;
				CLANG_WARN_RANGE_LOOP_ANALYSIS = YES;
				CLANG_WARN_STRICT_PROTOTYPES = YES;
				CLANG_WARN_SUSPICIOUS_MOVE = YES;
				CLANG_WARN_UNGUARDED_AVAILABILITY = YES_AGGRESSIVE;
				CLANG_WARN_UNREACHABLE_CODE = YES;
				CLANG_WARN__DUPLICATE_METHOD_MATCH = YES;
				COPY_PHASE_STRIP = NO;
				DEBUG_INFORMATION_FORMAT = dwarf;
				ENABLE_STRICT_OBJC_MSGSEND = YES;
				ENABLE_TESTABILITY = YES;
				GCC_C_LANGUAGE_STANDARD = gnu11;
				GCC_DYNAMIC_NO_PIC = NO;
				GCC_NO_COMMON_BLOCKS = YES;
				GCC_OPTIMIZATION_LEVEL = 0;
				GCC_PREPROCESSOR_DEFINITIONS = (
					"DEBUG=1",
					"$(inherited)",
				);
				GCC_WARN_64_TO_32_BIT_CONVERSION = YES;
				GCC_WARN_ABOUT_RETURN_TYPE = YES_ERROR;
				GCC_WARN_UNDECLARED_SELECTOR = YES;
				GCC_WARN_UNINITIALIZED_AUTOS = YES_AGGRESSIVE;
				GCC_WARN_UNUSED_FUNCTION = YES;
				GCC_WARN_UNUSED_VARIABLE = YES;
				IPHONEOS_DEPLOYMENT_TARGET = 14.1;
				MTL_ENABLE_DEBUG_INFO = INCLUDE_SOURCE;
				MTL_FAST_MATH = YES;
				ONLY_ACTIVE_ARCH = YES;
				SDKROOT = iphoneos;
				SWIFT_ACTIVE_COMPILATION_CONDITIONS = DEBUG;
				SWIFT_OPTIMIZATION_LEVEL = "-Onone";
			};
			name = Debug;
		};
		B694C7B62554C6A100A61D65 /* Release */ = {
			isa = XCBuildConfiguration;
			buildSettings = {
				ALWAYS_SEARCH_USER_PATHS = NO;
				CLANG_ANALYZER_NONNULL = YES;
				CLANG_ANALYZER_NUMBER_OBJECT_CONVERSION = YES_AGGRESSIVE;
				CLANG_CXX_LANGUAGE_STANDARD = "gnu++14";
				CLANG_CXX_LIBRARY = "libc++";
				CLANG_ENABLE_MODULES = YES;
				CLANG_ENABLE_OBJC_ARC = YES;
				CLANG_ENABLE_OBJC_WEAK = YES;
				CLANG_WARN_BLOCK_CAPTURE_AUTORELEASING = YES;
				CLANG_WARN_BOOL_CONVERSION = YES;
				CLANG_WARN_COMMA = YES;
				CLANG_WARN_CONSTANT_CONVERSION = YES;
				CLANG_WARN_DEPRECATED_OBJC_IMPLEMENTATIONS = YES;
				CLANG_WARN_DIRECT_OBJC_ISA_USAGE = YES_ERROR;
				CLANG_WARN_DOCUMENTATION_COMMENTS = YES;
				CLANG_WARN_EMPTY_BODY = YES;
				CLANG_WARN_ENUM_CONVERSION = YES;
				CLANG_WARN_INFINITE_RECURSION = YES;
				CLANG_WARN_INT_CONVERSION = YES;
				CLANG_WARN_NON_LITERAL_NULL_CONVERSION = YES;
				CLANG_WARN_OBJC_IMPLICIT_RETAIN_SELF = YES;
				CLANG_WARN_OBJC_LITERAL_CONVERSION = YES;
				CLANG_WARN_OBJC_ROOT_CLASS = YES_ERROR;
				CLANG_WARN_QUOTED_INCLUDE_IN_FRAMEWORK_HEADER = YES;
				CLANG_WARN_RANGE_LOOP_ANALYSIS = YES;
				CLANG_WARN_STRICT_PROTOTYPES = YES;
				CLANG_WARN_SUSPICIOUS_MOVE = YES;
				CLANG_WARN_UNGUARDED_AVAILABILITY = YES_AGGRESSIVE;
				CLANG_WARN_UNREACHABLE_CODE = YES;
				CLANG_WARN__DUPLICATE_METHOD_MATCH = YES;
				COPY_PHASE_STRIP = NO;
				DEBUG_INFORMATION_FORMAT = "dwarf-with-dsym";
				ENABLE_NS_ASSERTIONS = NO;
				ENABLE_STRICT_OBJC_MSGSEND = YES;
				GCC_C_LANGUAGE_STANDARD = gnu11;
				GCC_NO_COMMON_BLOCKS = YES;
				GCC_WARN_64_TO_32_BIT_CONVERSION = YES;
				GCC_WARN_ABOUT_RETURN_TYPE = YES_ERROR;
				GCC_WARN_UNDECLARED_SELECTOR = YES;
				GCC_WARN_UNINITIALIZED_AUTOS = YES_AGGRESSIVE;
				GCC_WARN_UNUSED_FUNCTION = YES;
				GCC_WARN_UNUSED_VARIABLE = YES;
				IPHONEOS_DEPLOYMENT_TARGET = 14.1;
				MTL_ENABLE_DEBUG_INFO = NO;
				MTL_FAST_MATH = YES;
				SDKROOT = iphoneos;
				SWIFT_COMPILATION_MODE = wholemodule;
				SWIFT_OPTIMIZATION_LEVEL = "-O";
				VALIDATE_PRODUCT = YES;
			};
			name = Release;
		};
		B694C7B82554C6A100A61D65 /* Debug */ = {
			isa = XCBuildConfiguration;
			buildSettings = {
				ALWAYS_EMBED_SWIFT_STANDARD_LIBRARIES = YES;
				ASSETCATALOG_COMPILER_APPICON_NAME = AppIcon;
				ASSETCATALOG_COMPILER_GLOBAL_ACCENT_COLOR_NAME = AccentColor;
				CODE_SIGN_ENTITLEMENTS = TDWidgets/Resources/TDWidgets.entitlements;
				CODE_SIGN_STYLE = Automatic;
				DEVELOPMENT_ASSET_PATHS = "\"TDWidgets/Preview Content\"";
				DEVELOPMENT_TEAM = J6B8ZX28ZW;
				ENABLE_PREVIEWS = YES;
				INFOPLIST_FILE = "$(SRCROOT)/TDWidgets/Resources/Info.plist";
				LD_RUNPATH_SEARCH_PATHS = (
					"$(inherited)",
					"@executable_path/Frameworks",
				);
				PRODUCT_BUNDLE_IDENTIFIER = oskman.TDWidgets;
				PRODUCT_NAME = "$(TARGET_NAME)";
				SWIFT_VERSION = 5.0;
				TARGETED_DEVICE_FAMILY = "1,2";
			};
			name = Debug;
		};
		B694C7B92554C6A100A61D65 /* Release */ = {
			isa = XCBuildConfiguration;
			buildSettings = {
				ALWAYS_EMBED_SWIFT_STANDARD_LIBRARIES = YES;
				ASSETCATALOG_COMPILER_APPICON_NAME = AppIcon;
				ASSETCATALOG_COMPILER_GLOBAL_ACCENT_COLOR_NAME = AccentColor;
				CODE_SIGN_ENTITLEMENTS = TDWidgets/Resources/TDWidgets.entitlements;
				CODE_SIGN_STYLE = Automatic;
				DEVELOPMENT_ASSET_PATHS = "\"TDWidgets/Preview Content\"";
				DEVELOPMENT_TEAM = J6B8ZX28ZW;
				ENABLE_PREVIEWS = YES;
				INFOPLIST_FILE = "$(SRCROOT)/TDWidgets/Resources/Info.plist";
				LD_RUNPATH_SEARCH_PATHS = (
					"$(inherited)",
					"@executable_path/Frameworks",
				);
				PRODUCT_BUNDLE_IDENTIFIER = oskman.TDWidgets;
				PRODUCT_NAME = "$(TARGET_NAME)";
				SWIFT_VERSION = 5.0;
				TARGETED_DEVICE_FAMILY = "1,2";
			};
			name = Release;
		};
		B6C21012259B89F3009CCEEA /* Debug */ = {
			isa = XCBuildConfiguration;
			buildSettings = {
				ASSETCATALOG_COMPILER_GLOBAL_ACCENT_COLOR_NAME = AccentColor;
				ASSETCATALOG_COMPILER_WIDGET_BACKGROUND_COLOR_NAME = WidgetBackground;
				CODE_SIGN_ENTITLEMENTS = MyWidgetExtension.entitlements;
				CODE_SIGN_STYLE = Automatic;
				DEVELOPMENT_TEAM = J6B8ZX28ZW;
				INFOPLIST_FILE = MyWidget/Resources/Info.plist;
				IPHONEOS_DEPLOYMENT_TARGET = 14.1;
				LD_RUNPATH_SEARCH_PATHS = (
					"$(inherited)",
					"@executable_path/Frameworks",
					"@executable_path/../../Frameworks",
				);
				PRODUCT_BUNDLE_IDENTIFIER = oskman.TDWidgets.MyWidget;
				PRODUCT_NAME = "$(TARGET_NAME)";
				SKIP_INSTALL = YES;
				SWIFT_VERSION = 5.0;
				TARGETED_DEVICE_FAMILY = "1,2";
			};
			name = Debug;
		};
		B6C21013259B89F3009CCEEA /* Release */ = {
			isa = XCBuildConfiguration;
			buildSettings = {
				ASSETCATALOG_COMPILER_GLOBAL_ACCENT_COLOR_NAME = AccentColor;
				ASSETCATALOG_COMPILER_WIDGET_BACKGROUND_COLOR_NAME = WidgetBackground;
				CODE_SIGN_ENTITLEMENTS = MyWidgetExtension.entitlements;
				CODE_SIGN_STYLE = Automatic;
				DEVELOPMENT_TEAM = J6B8ZX28ZW;
				INFOPLIST_FILE = MyWidget/Resources/Info.plist;
				IPHONEOS_DEPLOYMENT_TARGET = 14.1;
				LD_RUNPATH_SEARCH_PATHS = (
					"$(inherited)",
					"@executable_path/Frameworks",
					"@executable_path/../../Frameworks",
				);
				PRODUCT_BUNDLE_IDENTIFIER = oskman.TDWidgets.MyWidget;
				PRODUCT_NAME = "$(TARGET_NAME)";
				SKIP_INSTALL = YES;
				SWIFT_VERSION = 5.0;
				TARGETED_DEVICE_FAMILY = "1,2";
			};
			name = Release;
		};
		B6C9EA5725633F7800F9DDBF /* Debug */ = {
			isa = XCBuildConfiguration;
			buildSettings = {
				BUNDLE_LOADER = "$(TEST_HOST)";
				CLANG_ENABLE_MODULES = YES;
				CODE_SIGN_STYLE = Automatic;
				DEVELOPMENT_TEAM = J6B8ZX28ZW;
				INFOPLIST_FILE = TDWidgetsTests/Info.plist;
				IPHONEOS_DEPLOYMENT_TARGET = 14.2;
				LD_RUNPATH_SEARCH_PATHS = (
					"$(inherited)",
					"@executable_path/Frameworks",
					"@loader_path/Frameworks",
				);
				PRODUCT_BUNDLE_IDENTIFIER = oskman.TDWidgetsTests;
				PRODUCT_NAME = "$(TARGET_NAME)";
				SWIFT_OPTIMIZATION_LEVEL = "-Onone";
				SWIFT_VERSION = 5.0;
				TARGETED_DEVICE_FAMILY = "1,2";
				TEST_HOST = "$(BUILT_PRODUCTS_DIR)/TDWidgets.app/TDWidgets";
			};
			name = Debug;
		};
		B6C9EA5825633F7800F9DDBF /* Release */ = {
			isa = XCBuildConfiguration;
			buildSettings = {
				BUNDLE_LOADER = "$(TEST_HOST)";
				CLANG_ENABLE_MODULES = YES;
				CODE_SIGN_STYLE = Automatic;
				DEVELOPMENT_TEAM = J6B8ZX28ZW;
				INFOPLIST_FILE = TDWidgetsTests/Info.plist;
				IPHONEOS_DEPLOYMENT_TARGET = 14.2;
				LD_RUNPATH_SEARCH_PATHS = (
					"$(inherited)",
					"@executable_path/Frameworks",
					"@loader_path/Frameworks",
				);
				PRODUCT_BUNDLE_IDENTIFIER = oskman.TDWidgetsTests;
				PRODUCT_NAME = "$(TARGET_NAME)";
				SWIFT_VERSION = 5.0;
				TARGETED_DEVICE_FAMILY = "1,2";
				TEST_HOST = "$(BUILT_PRODUCTS_DIR)/TDWidgets.app/TDWidgets";
			};
			name = Release;
		};
/* End XCBuildConfiguration section */

/* Begin XCConfigurationList section */
		B694C79E2554C6A000A61D65 /* Build configuration list for PBXProject "TDWidgets" */ = {
			isa = XCConfigurationList;
			buildConfigurations = (
				B694C7B52554C6A100A61D65 /* Debug */,
				B694C7B62554C6A100A61D65 /* Release */,
			);
			defaultConfigurationIsVisible = 0;
			defaultConfigurationName = Release;
		};
		B694C7B72554C6A100A61D65 /* Build configuration list for PBXNativeTarget "TDWidgets" */ = {
			isa = XCConfigurationList;
			buildConfigurations = (
				B694C7B82554C6A100A61D65 /* Debug */,
				B694C7B92554C6A100A61D65 /* Release */,
			);
			defaultConfigurationIsVisible = 0;
			defaultConfigurationName = Release;
		};
		B6C21014259B89F3009CCEEA /* Build configuration list for PBXNativeTarget "MyWidgetExtension" */ = {
			isa = XCConfigurationList;
			buildConfigurations = (
				B6C21012259B89F3009CCEEA /* Debug */,
				B6C21013259B89F3009CCEEA /* Release */,
			);
			defaultConfigurationIsVisible = 0;
			defaultConfigurationName = Release;
		};
		B6C9EA5625633F7800F9DDBF /* Build configuration list for PBXNativeTarget "TDWidgetsTests" */ = {
			isa = XCConfigurationList;
			buildConfigurations = (
				B6C9EA5725633F7800F9DDBF /* Debug */,
				B6C9EA5825633F7800F9DDBF /* Release */,
			);
			defaultConfigurationIsVisible = 0;
			defaultConfigurationName = Release;
		};
/* End XCConfigurationList section */
	};
	rootObject = B694C79B2554C6A000A61D65 /* Project object */;
}
